
Microsoft Visual Studio Solution File, Format Version 12.00
# Visual Studio 15
Project("{FAE04EC0-301F-11D3-BF4B-00C04F79EFBC}") = "Assembly-CSharp", "Assembly-CSharp.csproj", "{1FFDB201-57E1-C2BF-C17D-DE27E635AA21}"
EndProject
Project("{FAE04EC0-301F-11D3-BF4B-00C04F79EFBC}") = "Assembly-CSharp-Editor", "Assembly-CSharp-Editor.csproj", "{E917D919-C544-8B4E-6A62-D40FD018A13C}"
EndProject
Global
	GlobalSection(SolutionConfigurationPlatforms) = preSolution
		Debug|Any CPU = Debug|Any CPU
		Release|Any CPU = Release|Any CPU
	EndGlobalSection
	GlobalSection(ProjectConfigurationPlatforms) = postSolution
		{1FFDB201-57E1-C2BF-C17D-DE27E635AA21}.Debug|Any CPU.ActiveCfg = Debug|Any CPU
		{1FFDB201-57E1-C2BF-C17D-DE27E635AA21}.Debug|Any CPU.Build.0 = Debug|Any CPU
		{1FFDB201-57E1-C2BF-C17D-DE27E635AA21}.Release|Any CPU.ActiveCfg = Release|Any CPU
		{1FFDB201-57E1-C2BF-C17D-DE27E635AA21}.Release|Any CPU.Build.0 = Release|Any CPU
		{E917D919-C544-8B4E-6A62-D40FD018A13C}.Debug|Any CPU.ActiveCfg = Debug|Any CPU
		{E917D919-C544-8B4E-6A62-D40FD018A13C}.Debug|Any CPU.Build.0 = Debug|Any CPU
		{E917D919-C544-8B4E-6A62-D40FD018A13C}.Release|Any CPU.ActiveCfg = Release|Any CPU
		{E917D919-C544-8B4E-6A62-D40FD018A13C}.Release|Any CPU.Build.0 = Release|Any CPU
	EndGlobalSection
	GlobalSection(SolutionProperties) = preSolution
		HideSolutionNode = FALSE
	EndGlobalSection
EndGlobal
